// !$*UTF8*$!
{
	archiveVersion = 1;
	classes = {
	};
	objectVersion = 48;
	objects = {

/* Begin PBXBuildFile section */
		E33F893C207F3EDB0039DC5B /* AppDelegate.m in Sources */ = {isa = PBXBuildFile; fileRef = E33F893B207F3EDB0039DC5B /* AppDelegate.m */; };
		E33F8944207F3EDB0039DC5B /* Assets.xcassets in Resources */ = {isa = PBXBuildFile; fileRef = E33F8943207F3EDB0039DC5B /* Assets.xcassets */; };
		E33F8947207F3EDB0039DC5B /* LaunchScreen.storyboard in Resources */ = {isa = PBXBuildFile; fileRef = E33F8945207F3EDB0039DC5B /* LaunchScreen.storyboard */; };
		E33F894A207F3EDB0039DC5B /* main.m in Sources */ = {isa = PBXBuildFile; fileRef = E33F8949207F3EDB0039DC5B /* main.m */; };
		E33F8954207F3EDB0039DC5B /* MyBranchTestTests.m in Sources */ = {isa = PBXBuildFile; fileRef = E33F8953207F3EDB0039DC5B /* MyBranchTestTests.m */; };
		E33F895F207F3EDB0039DC5B /* MyBranchTestUITests.m in Sources */ = {isa = PBXBuildFile; fileRef = E33F895E207F3EDB0039DC5B /* MyBranchTestUITests.m */; };
		E33F896F207F3EEE0039DC5B /* MainViewController.m in Sources */ = {isa = PBXBuildFile; fileRef = E33F896D207F3EEE0039DC5B /* MainViewController.m */; };
		E33F8970207F3EEE0039DC5B /* MainViewController.xib in Resources */ = {isa = PBXBuildFile; fileRef = E33F896E207F3EEE0039DC5B /* MainViewController.xib */; };
/* End PBXBuildFile section */

/* Begin PBXContainerItemProxy section */
		E33F8950207F3EDB0039DC5B /* PBXContainerItemProxy */ = {
			isa = PBXContainerItemProxy;
			containerPortal = E33F892F207F3EDB0039DC5B /* Project object */;
			proxyType = 1;
			remoteGlobalIDString = E33F8936207F3EDB0039DC5B;
			remoteInfo = MyBranchTest;
		};
		E33F895B207F3EDB0039DC5B /* PBXContainerItemProxy */ = {
			isa = PBXContainerItemProxy;
			containerPortal = E33F892F207F3EDB0039DC5B /* Project object */;
			proxyType = 1;
			remoteGlobalIDString = E33F8936207F3EDB0039DC5B;
			remoteInfo = MyBranchTest;
		};
/* End PBXContainerItemProxy section */

/* Begin PBXFileReference section */
		E33F8937207F3EDB0039DC5B /* MyBranchTest.app */ = {isa = PBXFileReference; explicitFileType = wrapper.application; includeInIndex = 0; path = MyBranchTest.app; sourceTree = BUILT_PRODUCTS_DIR; };
		E33F893A207F3EDB0039DC5B /* AppDelegate.h */ = {isa = PBXFileReference; lastKnownFileType = sourcecode.c.h; path = AppDelegate.h; sourceTree = "<group>"; };
		E33F893B207F3EDB0039DC5B /* AppDelegate.m */ = {isa = PBXFileReference; lastKnownFileType = sourcecode.c.objc; path = AppDelegate.m; sourceTree = "<group>"; };
		E33F8943207F3EDB0039DC5B /* Assets.xcassets */ = {isa = PBXFileReference; lastKnownFileType = folder.assetcatalog; path = Assets.xcassets; sourceTree = "<group>"; };
		E33F8946207F3EDB0039DC5B /* Base */ = {isa = PBXFileReference; lastKnownFileType = file.storyboard; name = Base; path = Base.lproj/LaunchScreen.storyboard; sourceTree = "<group>"; };
		E33F8948207F3EDB0039DC5B /* Info.plist */ = {isa = PBXFileReference; lastKnownFileType = text.plist.xml; path = Info.plist; sourceTree = "<group>"; };
		E33F8949207F3EDB0039DC5B /* main.m */ = {isa = PBXFileReference; lastKnownFileType = sourcecode.c.objc; path = main.m; sourceTree = "<group>"; };
		E33F894F207F3EDB0039DC5B /* MyBranchTestTests.xctest */ = {isa = PBXFileReference; explicitFileType = wrapper.cfbundle; includeInIndex = 0; path = MyBranchTestTests.xctest; sourceTree = BUILT_PRODUCTS_DIR; };
		E33F8953207F3EDB0039DC5B /* MyBranchTestTests.m */ = {isa = PBXFileReference; lastKnownFileType = sourcecode.c.objc; path = MyBranchTestTests.m; sourceTree = "<group>"; };
		E33F8955207F3EDB0039DC5B /* Info.plist */ = {isa = PBXFileReference; lastKnownFileType = text.plist.xml; path = Info.plist; sourceTree = "<group>"; };
		E33F895A207F3EDB0039DC5B /* MyBranchTestUITests.xctest */ = {isa = PBXFileReference; explicitFileType = wrapper.cfbundle; includeInIndex = 0; path = MyBranchTestUITests.xctest; sourceTree = BUILT_PRODUCTS_DIR; };
		E33F895E207F3EDB0039DC5B /* MyBranchTestUITests.m */ = {isa = PBXFileReference; lastKnownFileType = sourcecode.c.objc; path = MyBranchTestUITests.m; sourceTree = "<group>"; };
		E33F8960207F3EDB0039DC5B /* Info.plist */ = {isa = PBXFileReference; lastKnownFileType = text.plist.xml; path = Info.plist; sourceTree = "<group>"; };
		E33F896C207F3EEE0039DC5B /* MainViewController.h */ = {isa = PBXFileReference; lastKnownFileType = sourcecode.c.h; path = MainViewController.h; sourceTree = "<group>"; };
		E33F896D207F3EEE0039DC5B /* MainViewController.m */ = {isa = PBXFileReference; lastKnownFileType = sourcecode.c.objc; path = MainViewController.m; sourceTree = "<group>"; };
		E33F896E207F3EEE0039DC5B /* MainViewController.xib */ = {isa = PBXFileReference; lastKnownFileType = file.xib; path = MainViewController.xib; sourceTree = "<group>"; };
/* End PBXFileReference section */

/* Begin PBXFrameworksBuildPhase section */
		E33F8934207F3EDB0039DC5B /* Frameworks */ = {
			isa = PBXFrameworksBuildPhase;
			buildActionMask = 2147483647;
			files = (
			);
			runOnlyForDeploymentPostprocessing = 0;
		};
		E33F894C207F3EDB0039DC5B /* Frameworks */ = {
			isa = PBXFrameworksBuildPhase;
			buildActionMask = 2147483647;
			files = (
			);
			runOnlyForDeploymentPostprocessing = 0;
		};
		E33F8957207F3EDB0039DC5B /* Frameworks */ = {
			isa = PBXFrameworksBuildPhase;
			buildActionMask = 2147483647;
			files = (
			);
			runOnlyForDeploymentPostprocessing = 0;
		};
/* End PBXFrameworksBuildPhase section */

/* Begin PBXGroup section */
		E33F892E207F3EDB0039DC5B = {
			isa = PBXGroup;
			children = (
				E33F8939207F3EDB0039DC5B /* MyBranchTest */,
				E33F8952207F3EDB0039DC5B /* MyBranchTestTests */,
				E33F895D207F3EDB0039DC5B /* MyBranchTestUITests */,
				E33F8938207F3EDB0039DC5B /* Products */,
			);
			sourceTree = "<group>";
		};
		E33F8938207F3EDB0039DC5B /* Products */ = {
			isa = PBXGroup;
			children = (
				E33F8937207F3EDB0039DC5B /* MyBranchTest.app */,
				E33F894F207F3EDB0039DC5B /* MyBranchTestTests.xctest */,
				E33F895A207F3EDB0039DC5B /* MyBranchTestUITests.xctest */,
			);
			name = Products;
			sourceTree = "<group>";
		};
		E33F8939207F3EDB0039DC5B /* MyBranchTest */ = {
			isa = PBXGroup;
			children = (
				E33F893A207F3EDB0039DC5B /* AppDelegate.h */,
				E33F893B207F3EDB0039DC5B /* AppDelegate.m */,
				E33F896C207F3EEE0039DC5B /* MainViewController.h */,
				E33F896D207F3EEE0039DC5B /* MainViewController.m */,
				E33F896E207F3EEE0039DC5B /* MainViewController.xib */,
				E33F8943207F3EDB0039DC5B /* Assets.xcassets */,
				E33F8945207F3EDB0039DC5B /* LaunchScreen.storyboard */,
				E33F8948207F3EDB0039DC5B /* Info.plist */,
				E33F8949207F3EDB0039DC5B /* main.m */,
			);
			path = MyBranchTest;
			sourceTree = "<group>";
		};
		E33F8952207F3EDB0039DC5B /* MyBranchTestTests */ = {
			isa = PBXGroup;
			children = (
				E33F8953207F3EDB0039DC5B /* MyBranchTestTests.m */,
				E33F8955207F3EDB0039DC5B /* Info.plist */,
			);
			path = MyBranchTestTests;
			sourceTree = "<group>";
		};
		E33F895D207F3EDB0039DC5B /* MyBranchTestUITests */ = {
			isa = PBXGroup;
			children = (
				E33F895E207F3EDB0039DC5B /* MyBranchTestUITests.m */,
				E33F8960207F3EDB0039DC5B /* Info.plist */,
			);
			path = MyBranchTestUITests;
			sourceTree = "<group>";
		};
/* End PBXGroup section */

/* Begin PBXNativeTarget section */
		E33F8936207F3EDB0039DC5B /* MyBranchTest */ = {
			isa = PBXNativeTarget;
			buildConfigurationList = E33F8963207F3EDB0039DC5B /* Build configuration list for PBXNativeTarget "MyBranchTest" */;
			buildPhases = (
				E33F8933207F3EDB0039DC5B /* Sources */,
				E33F8934207F3EDB0039DC5B /* Frameworks */,
				E33F8935207F3EDB0039DC5B /* Resources */,
			);
			buildRules = (
			);
			dependencies = (
			);
			name = MyBranchTest;
			productName = MyBranchTest;
			productReference = E33F8937207F3EDB0039DC5B /* MyBranchTest.app */;
			productType = "com.apple.product-type.application";
		};
		E33F894E207F3EDB0039DC5B /* MyBranchTestTests */ = {
			isa = PBXNativeTarget;
			buildConfigurationList = E33F8966207F3EDB0039DC5B /* Build configuration list for PBXNativeTarget "MyBranchTestTests" */;
			buildPhases = (
				E33F894B207F3EDB0039DC5B /* Sources */,
				E33F894C207F3EDB0039DC5B /* Frameworks */,
				E33F894D207F3EDB0039DC5B /* Resources */,
			);
			buildRules = (
			);
			dependencies = (
				E33F8951207F3EDB0039DC5B /* PBXTargetDependency */,
			);
			name = MyBranchTestTests;
			productName = MyBranchTestTests;
			productReference = E33F894F207F3EDB0039DC5B /* MyBranchTestTests.xctest */;
			productType = "com.apple.product-type.bundle.unit-test";
		};
		E33F8959207F3EDB0039DC5B /* MyBranchTestUITests */ = {
			isa = PBXNativeTarget;
			buildConfigurationList = E33F8969207F3EDB0039DC5B /* Build configuration list for PBXNativeTarget "MyBranchTestUITests" */;
			buildPhases = (
				E33F8956207F3EDB0039DC5B /* Sources */,
				E33F8957207F3EDB0039DC5B /* Frameworks */,
				E33F8958207F3EDB0039DC5B /* Resources */,
			);
			buildRules = (
			);
			dependencies = (
				E33F895C207F3EDB0039DC5B /* PBXTargetDependency */,
			);
			name = MyBranchTestUITests;
			productName = MyBranchTestUITests;
			productReference = E33F895A207F3EDB0039DC5B /* MyBranchTestUITests.xctest */;
			productType = "com.apple.product-type.bundle.ui-testing";
		};
/* End PBXNativeTarget section */

/* Begin PBXProject section */
		E33F892F207F3EDB0039DC5B /* Project object */ = {
			isa = PBXProject;
			attributes = {
				LastUpgradeCheck = 0910;
				ORGANIZATIONNAME = lee;
				TargetAttributes = {
					E33F8936207F3EDB0039DC5B = {
						CreatedOnToolsVersion = 9.1;
						ProvisioningStyle = Automatic;
					};
					E33F894E207F3EDB0039DC5B = {
						CreatedOnToolsVersion = 9.1;
						ProvisioningStyle = Automatic;
						TestTargetID = E33F8936207F3EDB0039DC5B;
					};
					E33F8959207F3EDB0039DC5B = {
						CreatedOnToolsVersion = 9.1;
						ProvisioningStyle = Automatic;
						TestTargetID = E33F8936207F3EDB0039DC5B;
					};
				};
			};
			buildConfigurationList = E33F8932207F3EDB0039DC5B /* Build configuration list for PBXProject "MyBranchTest" */;
			compatibilityVersion = "Xcode 8.0";
			developmentRegion = en;
			hasScannedForEncodings = 0;
			knownRegions = (
				en,
				Base,
			);
			mainGroup = E33F892E207F3EDB0039DC5B;
			productRefGroup = E33F8938207F3EDB0039DC5B /* Products */;
			projectDirPath = "";
			projectRoot = "";
			targets = (
				E33F8936207F3EDB0039DC5B /* MyBranchTest */,
				E33F894E207F3EDB0039DC5B /* MyBranchTestTests */,
				E33F8959207F3EDB0039DC5B /* MyBranchTestUITests */,
			);
		};
/* End PBXProject section */

/* Begin PBXResourcesBuildPhase section */
		E33F8935207F3EDB0039DC5B /* Resources */ = {
			isa = PBXResourcesBuildPhase;
			buildActionMask = 2147483647;
			files = (
				E33F8947207F3EDB0039DC5B /* LaunchScreen.storyboard in Resources */,
				E33F8970207F3EEE0039DC5B /* MainViewController.xib in Resources */,
				E33F8944207F3EDB0039DC5B /* Assets.xcassets in Resources */,
			);
			runOnlyForDeploymentPostprocessing = 0;
		};
		E33F894D207F3EDB0039DC5B /* Resources */ = {
			isa = PBXResourcesBuildPhase;
			buildActionMask = 2147483647;
			files = (
			);
			runOnlyForDeploymentPostprocessing = 0;
		};
		E33F8958207F3EDB0039DC5B /* Resources */ = {
			isa = PBXResourcesBuildPhase;
			buildActionMask = 2147483647;
			files = (
			);
			runOnlyForDeploymentPostprocessing = 0;
		};
/* End PBXResourcesBuildPhase section */

/* Begin PBXSourcesBuildPhase section */
		E33F8933207F3EDB0039DC5B /* Sources */ = {
			isa = PBXSourcesBuildPhase;
			buildActionMask = 2147483647;
			files = (
				E33F894A207F3EDB0039DC5B /* main.m in Sources */,
				E33F896F207F3EEE0039DC5B /* MainViewController.m in Sources */,
				E33F893C207F3EDB0039DC5B /* AppDelegate.m in Sources */,
			);
			runOnlyForDeploymentPostprocessing = 0;
		};
		E33F894B207F3EDB0039DC5B /* Sources */ = {
			isa = PBXSourcesBuildPhase;
			buildActionMask = 2147483647;
			files = (
				E33F8954207F3EDB0039DC5B /* MyBranchTestTests.m in Sources */,
			);
			runOnlyForDeploymentPostprocessing = 0;
		};
		E33F8956207F3EDB0039DC5B /* Sources */ = {
			isa = PBXSourcesBuildPhase;
			buildActionMask = 2147483647;
			files = (
				E33F895F207F3EDB0039DC5B /* MyBranchTestUITests.m in Sources */,
			);
			runOnlyForDeploymentPostprocessing = 0;
		};
/* End PBXSourcesBuildPhase section */

/* Begin PBXTargetDependency section */
		E33F8951207F3EDB0039DC5B /* PBXTargetDependency */ = {
			isa = PBXTargetDependency;
			target = E33F8936207F3EDB0039DC5B /* MyBranchTest */;
			targetProxy = E33F8950207F3EDB0039DC5B /* PBXContainerItemProxy */;
		};
		E33F895C207F3EDB0039DC5B /* PBXTargetDependency */ = {
			isa = PBXTargetDependency;
			target = E33F8936207F3EDB0039DC5B /* MyBranchTest */;
			targetProxy = E33F895B207F3EDB0039DC5B /* PBXContainerItemProxy */;
		};
/* End PBXTargetDependency section */

/* Begin PBXVariantGroup section */
		E33F8945207F3EDB0039DC5B /* LaunchScreen.storyboard */ = {
			isa = PBXVariantGroup;
			children = (
				E33F8946207F3EDB0039DC5B /* Base */,
			);
			name = LaunchScreen.storyboard;
			sourceTree = "<group>";
		};
/* End PBXVariantGroup section */

/* Begin XCBuildConfiguration section */
		E33F8961207F3EDB0039DC5B /* Debug */ = {
			isa = XCBuildConfiguration;
			buildSettings = {
				ALWAYS_SEARCH_USER_PATHS = NO;
				CLANG_ANALYZER_NONNULL = YES;
				CLANG_ANALYZER_NUMBER_OBJECT_CONVERSION = YES_AGGRESSIVE;
				CLANG_CXX_LANGUAGE_STANDARD = "gnu++14";
				CLANG_CXX_LIBRARY = "libc++";
				CLANG_ENABLE_MODULES = YES;
				CLANG_ENABLE_OBJC_ARC = YES;
				CLANG_WARN_BLOCK_CAPTURE_AUTORELEASING = YES;
				CLANG_WARN_BOOL_CONVERSION = YES;
				CLANG_WARN_COMMA = YES;
				CLANG_WARN_CONSTANT_CONVERSION = YES;
				CLANG_WARN_DIRECT_OBJC_ISA_USAGE = YES_ERROR;
				CLANG_WARN_DOCUMENTATION_COMMENTS = YES;
				CLANG_WARN_EMPTY_BODY = YES;
				CLANG_WARN_ENUM_CONVERSION = YES;
				CLANG_WARN_INFINITE_RECURSION = YES;
				CLANG_WARN_INT_CONVERSION = YES;
				CLANG_WARN_NON_LITERAL_NULL_CONVERSION = YES;
				CLANG_WARN_OBJC_LITERAL_CONVERSION = YES;
				CLANG_WARN_OBJC_ROOT_CLASS = YES_ERROR;
				CLANG_WARN_RANGE_LOOP_ANALYSIS = YES;
				CLANG_WARN_STRICT_PROTOTYPES = YES;
				CLANG_WARN_SUSPICIOUS_MOVE = YES;
				CLANG_WARN_UNGUARDED_AVAILABILITY = YES_AGGRESSIVE;
				CLANG_WARN_UNREACHABLE_CODE = YES;
				CLANG_WARN__DUPLICATE_METHOD_MATCH = YES;
				CODE_SIGN_IDENTITY = "iPhone Developer";
				COPY_PHASE_STRIP = NO;
				DEBUG_INFORMATION_FORMAT = dwarf;
				ENABLE_STRICT_OBJC_MSGSEND = YES;
				ENABLE_TESTABILITY = YES;
				GCC_C_LANGUAGE_STANDARD = gnu11;
				GCC_DYNAMIC_NO_PIC = NO;
				GCC_NO_COMMON_BLOCKS = YES;
				GCC_OPTIMIZATION_LEVEL = 0;
				GCC_PREPROCESSOR_DEFINITIONS = (
					"DEBUG=1",
					"$(inherited)",
				);
				GCC_WARN_64_TO_32_BIT_CONVERSION = YES;
				GCC_WARN_ABOUT_RETURN_TYPE = YES_ERROR;
				GCC_WARN_UNDECLARED_SELECTOR = YES;
				GCC_WARN_UNINITIALIZED_AUTOS = YES_AGGRESSIVE;
				GCC_WARN_UNUSED_FUNCTION = YES;
				GCC_WARN_UNUSED_VARIABLE = YES;
				IPHONEOS_DEPLOYMENT_TARGET = 11.1;
				MTL_ENABLE_DEBUG_INFO = YES;
				ONLY_ACTIVE_ARCH = YES;
				SDKROOT = iphoneos;
			};
			name = Debug;
		};
		E33F8962207F3EDB0039DC5B /* Release */ = {
			isa = XCBuildConfiguration;
			buildSettings = {
				ALWAYS_SEARCH_USER_PATHS = NO;
				CLANG_ANALYZER_NONNULL = YES;
				CLANG_ANALYZER_NUMBER_OBJECT_CONVERSION = YES_AGGRESSIVE;
				CLANG_CXX_LANGUAGE_STANDARD = "gnu++14";
				CLANG_CXX_LIBRARY = "libc++";
				CLANG_ENABLE_MODULES = YES;
				CLANG_ENABLE_OBJC_ARC = YES;
				CLANG_WARN_BLOCK_CAPTURE_AUTORELEASING = YES;
				CLANG_WARN_BOOL_CONVERSION = YES;
				CLANG_WARN_COMMA = YES;
				CLANG_WARN_CONSTANT_CONVERSION = YES;
				CLANG_WARN_DIRECT_OBJC_ISA_USAGE = YES_ERROR;
				CLANG_WARN_DOCUMENTATION_COMMENTS = YES;
				CLANG_WARN_EMPTY_BODY = YES;
				CLANG_WARN_ENUM_CONVERSION = YES;
				CLANG_WARN_INFINITE_RECURSION = YES;
				CLANG_WARN_INT_CONVERSION = YES;
				CLANG_WARN_NON_LITERAL_NULL_CONVERSION = YES;
				CLANG_WARN_OBJC_LITERAL_CONVERSION = YES;
				CLANG_WARN_OBJC_ROOT_CLASS = YES_ERROR;
				CLANG_WARN_RANGE_LOOP_ANALYSIS = YES;
				CLANG_WARN_STRICT_PROTOTYPES = YES;
				CLANG_WARN_SUSPICIOUS_MOVE = YES;
				CLANG_WARN_UNGUARDED_AVAILABILITY = YES_AGGRESSIVE;
				CLANG_WARN_UNREACHABLE_CODE = YES;
				CLANG_WARN__DUPLICATE_METHOD_MATCH = YES;
				CODE_SIGN_IDENTITY = "iPhone Developer";
				COPY_PHASE_STRIP = NO;
				DEBUG_INFORMATION_FORMAT = "dwarf-with-dsym";
				ENABLE_NS_ASSERTIONS = NO;
				ENABLE_STRICT_OBJC_MSGSEND = YES;
				GCC_C_LANGUAGE_STANDARD = gnu11;
				GCC_NO_COMMON_BLOCKS = YES;
				GCC_WARN_64_TO_32_BIT_CONVERSION = YES;
				GCC_WARN_ABOUT_RETURN_TYPE = YES_ERROR;
				GCC_WARN_UNDECLARED_SELECTOR = YES;
				GCC_WARN_UNINITIALIZED_AUTOS = YES_AGGRESSIVE;
				GCC_WARN_UNUSED_FUNCTION = YES;
				GCC_WARN_UNUSED_VARIABLE = YES;
				IPHONEOS_DEPLOYMENT_TARGET = 11.1;
				MTL_ENABLE_DEBUG_INFO = NO;
				SDKROOT = iphoneos;
				VALIDATE_PRODUCT = YES;
			};
			name = Release;
		};
		E33F8964207F3EDB0039DC5B /* Debug */ = {
			isa = XCBuildConfiguration;
			buildSettings = {
				ASSETCATALOG_COMPILER_APPICON_NAME = AppIcon;
				CODE_SIGN_STYLE = Automatic;
				INFOPLIST_FILE = MyBranchTest/Info.plist;
				LD_RUNPATH_SEARCH_PATHS = "$(inherited) @executable_path/Frameworks";
				PRODUCT_BUNDLE_IDENTIFIER = shmysteel.MyBranchTest;
				PRODUCT_NAME = "$(TARGET_NAME)";
				TARGETED_DEVICE_FAMILY = "1,2";
			};
			name = Debug;
		};
		E33F8965207F3EDB0039DC5B /* Release */ = {
			isa = XCBuildConfiguration;
			buildSettings = {
				ASSETCATALOG_COMPILER_APPICON_NAME = AppIcon;
				CODE_SIGN_STYLE = Automatic;
				INFOPLIST_FILE = MyBranchTest/Info.plist;
				LD_RUNPATH_SEARCH_PATHS = "$(inherited) @executable_path/Frameworks";
				PRODUCT_BUNDLE_IDENTIFIER = shmysteel.MyBranchTest;
				PRODUCT_NAME = "$(TARGET_NAME)";
				TARGETED_DEVICE_FAMILY = "1,2";
			};
			name = Release;
		};
		E33F8967207F3EDB0039DC5B /* Debug */ = {
			isa = XCBuildConfiguration;
			buildSettings = {
				BUNDLE_LOADER = "$(TEST_HOST)";
				CODE_SIGN_STYLE = Automatic;
				INFOPLIST_FILE = MyBranchTestTests/Info.plist;
				LD_RUNPATH_SEARCH_PATHS = "$(inherited) @executable_path/Frameworks @loader_path/Frameworks";
				PRODUCT_BUNDLE_IDENTIFIER = shmysteel.MyBranchTestTests;
				PRODUCT_NAME = "$(TARGET_NAME)";
				TARGETED_DEVICE_FAMILY = "1,2";
				TEST_HOST = "$(BUILT_PRODUCTS_DIR)/MyBranchTest.app/MyBranchTest";
			};
			name = Debug;
		};
		E33F8968207F3EDB0039DC5B /* Release */ = {
			isa = XCBuildConfiguration;
			buildSettings = {
				BUNDLE_LOADER = "$(TEST_HOST)";
				CODE_SIGN_STYLE = Automatic;
				INFOPLIST_FILE = MyBranchTestTests/Info.plist;
				LD_RUNPATH_SEARCH_PATHS = "$(inherited) @executable_path/Frameworks @loader_path/Frameworks";
				PRODUCT_BUNDLE_IDENTIFIER = shmysteel.MyBranchTestTests;
				PRODUCT_NAME = "$(TARGET_NAME)";
				TARGETED_DEVICE_FAMILY = "1,2";
				TEST_HOST = "$(BUILT_PRODUCTS_DIR)/MyBranchTest.app/MyBranchTest";
			};
			name = Release;
		};
		E33F896A207F3EDB0039DC5B /* Debug */ = {
			isa = XCBuildConfiguration;
			buildSettings = {
				CODE_SIGN_STYLE = Automatic;
				INFOPLIST_FILE = MyBranchTestUITests/Info.plist;
				LD_RUNPATH_SEARCH_PATHS = "$(inherited) @executable_path/Frameworks @loader_path/Frameworks";
				PRODUCT_BUNDLE_IDENTIFIER = shmysteel.MyBranchTestUITests;
				PRODUCT_NAME = "$(TARGET_NAME)";
				TARGETED_DEVICE_FAMILY = "1,2";
				TEST_TARGET_NAME = MyBranchTest;
			};
			name = Debug;
		};
		E33F896B207F3EDB0039DC5B /* Release */ = {
			isa = XCBuildConfiguration;
			buildSettings = {
				CODE_SIGN_STYLE = Automatic;
				INFOPLIST_FILE = MyBranchTestUITests/Info.plist;
				LD_RUNPATH_SEARCH_PATHS = "$(inherited) @executable_path/Frameworks @loader_path/Frameworks";
				PRODUCT_BUNDLE_IDENTIFIER = shmysteel.MyBranchTestUITests;
				PRODUCT_NAME = "$(TARGET_NAME)";
				TARGETED_DEVICE_FAMILY = "1,2";
				TEST_TARGET_NAME = MyBranchTest;
			};
			name = Release;
		};
/* End XCBuildConfiguration section */

/* Begin XCConfigurationList section */
		E33F8932207F3EDB0039DC5B /* Build configuration list for PBXProject "MyBranchTest" */ = {
			isa = XCConfigurationList;
			buildConfigurations = (
				E33F8961207F3EDB0039DC5B /* Debug */,
				E33F8962207F3EDB0039DC5B /* Release */,
			);
			defaultConfigurationIsVisible = 0;
			defaultConfigurationName = Release;
		};
		E33F8963207F3EDB0039DC5B /* Build configuration list for PBXNativeTarget "MyBranchTest" */ = {
			isa = XCConfigurationList;
			buildConfigurations = (
				E33F8964207F3EDB0039DC5B /* Debug */,
				E33F8965207F3EDB0039DC5B /* Release */,
			);
			defaultConfigurationIsVisible = 0;
			defaultConfigurationName = Release;
		};
		E33F8966207F3EDB0039DC5B /* Build configuration list for PBXNativeTarget "MyBranchTestTests" */ = {
			isa = XCConfigurationList;
			buildConfigurations = (
				E33F8967207F3EDB0039DC5B /* Debug */,
				E33F8968207F3EDB0039DC5B /* Release */,
			);
			defaultConfigurationIsVisible = 0;
			defaultConfigurationName = Release;
		};
		E33F8969207F3EDB0039DC5B /* Build configuration list for PBXNativeTarget "MyBranchTestUITests" */ = {
			isa = XCConfigurationList;
			buildConfigurations = (
				E33F896A207F3EDB0039DC5B /* Debug */,
				E33F896B207F3EDB0039DC5B /* Release */,
			);
			defaultConfigurationIsVisible = 0;
			defaultConfigurationName = Release;
		};
/* End XCConfigurationList section */
	};
	rootObject = E33F892F207F3EDB0039DC5B /* Project object */;
}
